
Microsoft Visual Studio Solution File, Format Version 12.00
# Visual Studio Version 16
VisualStudioVersion = 16.0.31702.278
MinimumVisualStudioVersion = 10.0.40219.1
Project("{FAE04EC0-301F-11D3-BF4B-00C04F79EFBC}") = "Luauth Winform App V2", "Luauth Winform App V2\Luauth Winform App V2.csproj", "{F58B71B2-1307-49EA-8C52-904932FBC8B6}"
EndProject
Global
	GlobalSection(SolutionConfigurationPlatforms) = preSolution
		Debug|Any CPU = Debug|Any CPU
		Release|Any CPU = Release|Any CPU
	EndGlobalSection
	GlobalSection(ProjectConfigurationPlatforms) = postSolution
		{F58B71B2-1307-49EA-8C52-904932FBC8B6}.Debug|Any CPU.ActiveCfg = Debug|Any CPU
		{F58B71B2-1307-49EA-8C52-904932FBC8B6}.Debug|Any CPU.Build.0 = Debug|Any CPU
		{F58B71B2-1307-49EA-8C52-904932FBC8B6}.Release|Any CPU.ActiveCfg = Release|Any CPU
		{F58B71B2-1307-49EA-8C52-904932FBC8B6}.Release|Any CPU.Build.0 = Release|Any CPU
	EndGlobalSection
	GlobalSection(SolutionProperties) = preSolution
		HideSolutionNode = FALSE
	EndGlobalSection
	GlobalSection(ExtensibilityGlobals) = postSolution
		SolutionGuid = {34B3191E-8DB2-4283-B351-83F7A5AADE13}
	EndGlobalSection
EndGlobal
